
Microsoft Visual Studio Solution File, Format Version 12.00
# Visual Studio Version 17
VisualStudioVersion = 17.9.34723.18
MinimumVisualStudioVersion = 10.0.40219.1
Project("{9A19103F-16F7-4668-BE54-9A1E7A4F7556}") = "Rainmetrist", "Rainmetrist.csproj", "{76487997-0ACB-4061-8F2B-1A580A878A0C}"
EndProject
Project("{9A19103F-16F7-4668-BE54-9A1E7A4F7556}") = "WeatherDispatcher1", "..\WeatherDispatcher1\WeatherDispatcher1.csproj", "{C25EF301-36D9-4CFB-ABD1-1BDADE90CA54}"
EndProject
Project("{FAE04EC0-301F-11D3-BF4B-00C04F79EFBC}") = "WeatherWorker1", "..\WeatherWorker1\WeatherWorker1.csproj", "{7D4CD263-B01F-4AB2-A144-D8395BBB8DBB}"
EndProject
Global
	GlobalSection(SolutionConfigurationPlatforms) = preSolution
		Debug|Any CPU = Debug|Any CPU
		Debug|x86 = Debug|x86
		Release|Any CPU = Release|Any CPU
		Release|x86 = Release|x86
	EndGlobalSection
	GlobalSection(ProjectConfigurationPlatforms) = postSolution
		{76487997-0ACB-4061-8F2B-1A580A878A0C}.Debug|Any CPU.ActiveCfg = Debug|Any CPU
		{76487997-0ACB-4061-8F2B-1A580A878A0C}.Debug|Any CPU.Build.0 = Debug|Any CPU
		{76487997-0ACB-4061-8F2B-1A580A878A0C}.Debug|x86.ActiveCfg = Debug|Any CPU
		{76487997-0ACB-4061-8F2B-1A580A878A0C}.Debug|x86.Build.0 = Debug|Any CPU
		{76487997-0ACB-4061-8F2B-1A580A878A0C}.Release|Any CPU.ActiveCfg = Release|Any CPU
		{76487997-0ACB-4061-8F2B-1A580A878A0C}.Release|Any CPU.Build.0 = Release|Any CPU
		{76487997-0ACB-4061-8F2B-1A580A878A0C}.Release|x86.ActiveCfg = Release|Any CPU
		{76487997-0ACB-4061-8F2B-1A580A878A0C}.Release|x86.Build.0 = Release|Any CPU
		{C25EF301-36D9-4CFB-ABD1-1BDADE90CA54}.Debug|Any CPU.ActiveCfg = Debug|Any CPU
		{C25EF301-36D9-4CFB-ABD1-1BDADE90CA54}.Debug|Any CPU.Build.0 = Debug|Any CPU
		{C25EF301-36D9-4CFB-ABD1-1BDADE90CA54}.Debug|x86.ActiveCfg = Debug|Any CPU
		{C25EF301-36D9-4CFB-ABD1-1BDADE90CA54}.Debug|x86.Build.0 = Debug|Any CPU
		{C25EF301-36D9-4CFB-ABD1-1BDADE90CA54}.Release|Any CPU.ActiveCfg = Release|Any CPU
		{C25EF301-36D9-4CFB-ABD1-1BDADE90CA54}.Release|Any CPU.Build.0 = Release|Any CPU
		{C25EF301-36D9-4CFB-ABD1-1BDADE90CA54}.Release|x86.ActiveCfg = Release|Any CPU
		{C25EF301-36D9-4CFB-ABD1-1BDADE90CA54}.Release|x86.Build.0 = Release|Any CPU
		{7D4CD263-B01F-4AB2-A144-D8395BBB8DBB}.Debug|Any CPU.ActiveCfg = Debug|Any CPU
		{7D4CD263-B01F-4AB2-A144-D8395BBB8DBB}.Debug|Any CPU.Build.0 = Debug|Any CPU
		{7D4CD263-B01F-4AB2-A144-D8395BBB8DBB}.Debug|x86.ActiveCfg = Debug|Win32
		{7D4CD263-B01F-4AB2-A144-D8395BBB8DBB}.Debug|x86.Build.0 = Debug|Win32
		{7D4CD263-B01F-4AB2-A144-D8395BBB8DBB}.Release|Any CPU.ActiveCfg = Release|Any CPU
		{7D4CD263-B01F-4AB2-A144-D8395BBB8DBB}.Release|Any CPU.Build.0 = Release|Any CPU
		{7D4CD263-B01F-4AB2-A144-D8395BBB8DBB}.Release|x86.ActiveCfg = Release|Win32
		{7D4CD263-B01F-4AB2-A144-D8395BBB8DBB}.Release|x86.Build.0 = Release|Win32
	EndGlobalSection
	GlobalSection(SolutionProperties) = preSolution
		HideSolutionNode = FALSE
	EndGlobalSection
	GlobalSection(ExtensibilityGlobals) = postSolution
		SolutionGuid = {4E86F316-34FD-4271-AD31-7293338930B3}
	EndGlobalSection
EndGlobal
